<?xml version="1.0" encoding="utf-8"?>
<Project ToolsVersion="4.0" xmlns="http://schemas.microsoft.com/developer/msbuild/2003">
  <ItemGroup>
    <Filter Include="Source Files">
      <UniqueIdentifier>{4FC737F1-C7A5-4376-A066-2A32D752A2FF}</UniqueIdentifier>
      <Extensions>cpp;c;cc;cxx;def;odl;idl;hpj;bat;asm;asmx</Extensions>
    </Filter>
    <Filter Include="Header Files">
      <UniqueIdentifier>{93995380-89BD-4b04-88EB-625FBE52EBFB}</UniqueIdentifier>
      <Extensions>h;hpp;hxx;hm;inl;inc;xsd</Extensions>
    </Filter>
    <Filter Include="Resource Files">
      <UniqueIdentifier>{67DA6AB6-F800-4c08-8B7A-83BB121AAD01}</UniqueIdentifier>
      <Extensions>rc;ico;cur;bmp;dlg;rc2;rct;bin;rgs;gif;jpg;jpeg;jpe;resx;tiff;tif;png;wav;mfcribbon-ms</Extensions>
    </Filter>
    <Filter Include="Source Files\container">
      <UniqueIdentifier>{30ac8d8c-7035-4624-91ab-b7596ac345f5}</UniqueIdentifier>
    </Filter>
    <Filter Include="Source Files\math">
      <UniqueIdentifier>{f0ba3504-dcf9-4868-8a85-0991f9592717}</UniqueIdentifier>
    </Filter>
    <Filter Include="Source Files\core">
      <UniqueIdentifier>{ae4b8a6c-534a-4f30-a2ff-a5c2d5b2296b}</UniqueIdentifier>
    </Filter>
    <Filter Include="Source Files\renderer">
      <UniqueIdentifier>{c780c412-8c8c-4c22-9b50-0bbb52c4dac5}</UniqueIdentifier>
    </Filter>
  </ItemGroup>
  <ItemGroup>
    <ClCompile Include="src\main.cpp">
      <Filter>Source Files</Filter>
    </ClCompile>
    <ClCompile Include="src\core\system.cpp">
      <Filter>Source Files\core</Filter>
    </ClCompile>
    <ClCompile Include="src\core\allocator.cpp">
      <Filter>Source Files\core</Filter>
    </ClCompile>
    <ClCompile Include="src\core\crc32.cpp">
      <Filter>Source Files\core</Filter>
    </ClCompile>
    <ClCompile Include="src\core\timer.cpp">
      <Filter>Source Files\core</Filter>
    </ClCompile>
    <ClCompile Include="src\yu.cpp">
      <Filter>Source Files</Filter>
    </ClCompile>
    <ClCompile Include="src\core\system_win32.cpp">
      <Filter>Source Files\core</Filter>
    </ClCompile>
    <ClCompile Include="src\renderer\renderer.cpp">
      <Filter>Source Files\renderer</Filter>
    </ClCompile>
    <ClCompile Include="src\core\string.cpp">
      <Filter>Source Files\core</Filter>
    </ClCompile>
    <ClCompile Include="src\renderer\renderer_dx11.cpp">
      <Filter>Source Files\renderer</Filter>
    </ClCompile>
  </ItemGroup>
  <ItemGroup>
    <ClInclude Include="src\core\platform.h">
      <Filter>Source Files\core</Filter>
    </ClInclude>
    <ClInclude Include="src\container\array.h">
      <Filter>Source Files\container</Filter>
    </ClInclude>
    <ClInclude Include="src\container\hash.h">
      <Filter>Source Files\container</Filter>
    </ClInclude>
    <ClInclude Include="src\core\refcount.h">
      <Filter>Source Files\core</Filter>
    </ClInclude>
    <ClInclude Include="src\core\allocator.h">
      <Filter>Source Files\core</Filter>
    </ClInclude>
    <ClInclude Include="src\core\bit.h">
      <Filter>Source Files\core</Filter>
    </ClInclude>
    <ClInclude Include="src\container\type.h">
      <Filter>Source Files\core</Filter>
    </ClInclude>
    <ClInclude Include="src\core\system.h">
      <Filter>Source Files\core</Filter>
    </ClInclude>
    <ClInclude Include="src\core\crc32.h">
      <Filter>Source Files\core</Filter>
    </ClInclude>
    <ClInclude Include="src\core\string.h">
      <Filter>Source Files\core</Filter>
    </ClInclude>
    <ClInclude Include="src\container\dequeue.h">
      <Filter>Source Files\container</Filter>
    </ClInclude>
    <ClInclude Include="src\core\timer.h">
      <Filter>Source Files\core</Filter>
    </ClInclude>
    <ClInclude Include="src\core\thread.h">
      <Filter>Source Files\core</Filter>
    </ClInclude>
    <ClInclude Include="src\yu.h">
      <Filter>Source Files</Filter>
    </ClInclude>
    <ClInclude Include="src\math\matrix.h">
      <Filter>Source Files\math</Filter>
    </ClInclude>
    <ClInclude Include="src\math\vector.h">
      <Filter>Source Files\math</Filter>
    </ClInclude>
    <ClInclude Include="src\math\yu_math.h">
      <Filter>Source Files\math</Filter>
    </ClInclude>
    <ClInclude Include="src\renderer\gl_utility.h">
      <Filter>Source Files\renderer</Filter>
    </ClInclude>
    <ClInclude Include="src\renderer\renderer.h">
      <Filter>Source Files\renderer</Filter>
    </ClInclude>
  </ItemGroup>
</Project>