// !$*UTF8*$!
{
	archiveVersion = 1;
	classes = {
	};
	objectVersion = 46;
	objects = {

/* Begin PBXBuildFile section */
		B21323FE19BAD289009D0681 /* Cocoa.framework in Frameworks */ = {isa = PBXBuildFile; fileRef = B21323FD19BAD289009D0681 /* Cocoa.framework */; };
		B213240819BAD289009D0681 /* InfoPlist.strings in Resources */ = {isa = PBXBuildFile; fileRef = B213240619BAD289009D0681 /* InfoPlist.strings */; };
		B213240A19BAD289009D0681 /* main.mm in Sources */ = {isa = PBXBuildFile; fileRef = B213240919BAD289009D0681 /* main.mm */; };
		B213240E19BAD289009D0681 /* Credits.rtf in Resources */ = {isa = PBXBuildFile; fileRef = B213240C19BAD289009D0681 /* Credits.rtf */; };
		B213241119BAD289009D0681 /* AppDelegate.m in Sources */ = {isa = PBXBuildFile; fileRef = B213241019BAD289009D0681 /* AppDelegate.m */; };
		B213241419BAD289009D0681 /* MainMenu.xib in Resources */ = {isa = PBXBuildFile; fileRef = B213241219BAD289009D0681 /* MainMenu.xib */; };
		B213241619BAD289009D0681 /* Images.xcassets in Resources */ = {isa = PBXBuildFile; fileRef = B213241519BAD289009D0681 /* Images.xcassets */; };
		B213241D19BAD289009D0681 /* XCTest.framework in Frameworks */ = {isa = PBXBuildFile; fileRef = B213241C19BAD289009D0681 /* XCTest.framework */; };
		B213241E19BAD289009D0681 /* Cocoa.framework in Frameworks */ = {isa = PBXBuildFile; fileRef = B21323FD19BAD289009D0681 /* Cocoa.framework */; };
		B213242619BAD289009D0681 /* InfoPlist.strings in Resources */ = {isa = PBXBuildFile; fileRef = B213242419BAD289009D0681 /* InfoPlist.strings */; };
		B213242819BAD289009D0681 /* yu_macTests.m in Sources */ = {isa = PBXBuildFile; fileRef = B213242719BAD289009D0681 /* yu_macTests.m */; };
		B213243C19BAD42B009D0681 /* system.cpp in Sources */ = {isa = PBXBuildFile; fileRef = B213243B19BAD42B009D0681 /* system.cpp */; };
		B213245019C0160F009D0681 /* allocator.cpp in Sources */ = {isa = PBXBuildFile; fileRef = B213244819C0160F009D0681 /* allocator.cpp */; };
		B213245119C01610009D0681 /* crc32.cpp in Sources */ = {isa = PBXBuildFile; fileRef = B213244919C0160F009D0681 /* crc32.cpp */; };
		B213245219C01610009D0681 /* timer.cpp in Sources */ = {isa = PBXBuildFile; fileRef = B213244D19C0160F009D0681 /* timer.cpp */; };
		B215236919C48899003A0E97 /* IOKit.framework in Frameworks */ = {isa = PBXBuildFile; fileRef = B215236819C48899003A0E97 /* IOKit.framework */; };
		B215A0DA19E50971005F907C /* string.cpp in Sources */ = {isa = PBXBuildFile; fileRef = B215A0D919E50971005F907C /* string.cpp */; };
		B215A0E019E51BA3005F907C /* renderer.cpp in Sources */ = {isa = PBXBuildFile; fileRef = B215A0DE19E51BA3005F907C /* renderer.cpp */; };
		B215A0E819E67C5E005F907C /* yu_app.mm in Sources */ = {isa = PBXBuildFile; fileRef = B215A0E719E67C5E005F907C /* yu_app.mm */; };
		B2C9BBB019E6D66D0071B3D6 /* gl_mac.mm in Sources */ = {isa = PBXBuildFile; fileRef = B2C9BBAF19E6D66D0071B3D6 /* gl_mac.mm */; };
		B2DDA46819D16A6100324654 /* ApplicationServices.framework in Frameworks */ = {isa = PBXBuildFile; fileRef = B2DDA46719D16A6100324654 /* ApplicationServices.framework */; };
		B2DDA46A19D171A200324654 /* system_mac.mm in Sources */ = {isa = PBXBuildFile; fileRef = B2DDA46919D171A200324654 /* system_mac.mm */; };
		B2DDA46E19D177D200324654 /* yu.cpp in Sources */ = {isa = PBXBuildFile; fileRef = B2DDA46C19D177D200324654 /* yu.cpp */; };
/* End PBXBuildFile section */

/* Begin PBXContainerItemProxy section */
		B213241F19BAD289009D0681 /* PBXContainerItemProxy */ = {
			isa = PBXContainerItemProxy;
			containerPortal = B21323F219BAD289009D0681 /* Project object */;
			proxyType = 1;
			remoteGlobalIDString = B21323F919BAD289009D0681;
			remoteInfo = yu_mac;
		};
/* End PBXContainerItemProxy section */

/* Begin PBXFileReference section */
		B21323FA19BAD289009D0681 /* yu_mac.app */ = {isa = PBXFileReference; explicitFileType = wrapper.application; includeInIndex = 0; path = yu_mac.app; sourceTree = BUILT_PRODUCTS_DIR; };
		B21323FD19BAD289009D0681 /* Cocoa.framework */ = {isa = PBXFileReference; lastKnownFileType = wrapper.framework; name = Cocoa.framework; path = System/Library/Frameworks/Cocoa.framework; sourceTree = SDKROOT; };
		B213240019BAD289009D0681 /* AppKit.framework */ = {isa = PBXFileReference; lastKnownFileType = wrapper.framework; name = AppKit.framework; path = System/Library/Frameworks/AppKit.framework; sourceTree = SDKROOT; };
		B213240119BAD289009D0681 /* CoreData.framework */ = {isa = PBXFileReference; lastKnownFileType = wrapper.framework; name = CoreData.framework; path = System/Library/Frameworks/CoreData.framework; sourceTree = SDKROOT; };
		B213240219BAD289009D0681 /* Foundation.framework */ = {isa = PBXFileReference; lastKnownFileType = wrapper.framework; name = Foundation.framework; path = System/Library/Frameworks/Foundation.framework; sourceTree = SDKROOT; };
		B213240519BAD289009D0681 /* yu_mac-Info.plist */ = {isa = PBXFileReference; lastKnownFileType = text.plist.xml; path = "yu_mac-Info.plist"; sourceTree = "<group>"; };
		B213240719BAD289009D0681 /* en */ = {isa = PBXFileReference; lastKnownFileType = text.plist.strings; name = en; path = en.lproj/InfoPlist.strings; sourceTree = "<group>"; };
		B213240919BAD289009D0681 /* main.mm */ = {isa = PBXFileReference; lastKnownFileType = sourcecode.cpp.objcpp; path = main.mm; sourceTree = "<group>"; };
		B213240B19BAD289009D0681 /* yu_mac-Prefix.pch */ = {isa = PBXFileReference; lastKnownFileType = sourcecode.c.h; path = "yu_mac-Prefix.pch"; sourceTree = "<group>"; };
		B213240D19BAD289009D0681 /* en */ = {isa = PBXFileReference; lastKnownFileType = text.rtf; name = en; path = en.lproj/Credits.rtf; sourceTree = "<group>"; };
		B213240F19BAD289009D0681 /* AppDelegate.h */ = {isa = PBXFileReference; lastKnownFileType = sourcecode.c.h; path = AppDelegate.h; sourceTree = "<group>"; };
		B213241019BAD289009D0681 /* AppDelegate.m */ = {isa = PBXFileReference; lastKnownFileType = sourcecode.c.objc; path = AppDelegate.m; sourceTree = "<group>"; };
		B213241319BAD289009D0681 /* Base */ = {isa = PBXFileReference; lastKnownFileType = file.xib; name = Base; path = Base.lproj/MainMenu.xib; sourceTree = "<group>"; };
		B213241519BAD289009D0681 /* Images.xcassets */ = {isa = PBXFileReference; lastKnownFileType = folder.assetcatalog; path = Images.xcassets; sourceTree = "<group>"; };
		B213241B19BAD289009D0681 /* yu_macTests.xctest */ = {isa = PBXFileReference; explicitFileType = wrapper.cfbundle; includeInIndex = 0; path = yu_macTests.xctest; sourceTree = BUILT_PRODUCTS_DIR; };
		B213241C19BAD289009D0681 /* XCTest.framework */ = {isa = PBXFileReference; lastKnownFileType = wrapper.framework; name = XCTest.framework; path = Library/Frameworks/XCTest.framework; sourceTree = DEVELOPER_DIR; };
		B213242319BAD289009D0681 /* yu_macTests-Info.plist */ = {isa = PBXFileReference; lastKnownFileType = text.plist.xml; path = "yu_macTests-Info.plist"; sourceTree = "<group>"; };
		B213242519BAD289009D0681 /* en */ = {isa = PBXFileReference; lastKnownFileType = text.plist.strings; name = en; path = en.lproj/InfoPlist.strings; sourceTree = "<group>"; };
		B213242719BAD289009D0681 /* yu_macTests.m */ = {isa = PBXFileReference; lastKnownFileType = sourcecode.c.objc; path = yu_macTests.m; sourceTree = "<group>"; };
		B213243319BAD42B009D0681 /* array.h */ = {isa = PBXFileReference; fileEncoding = 4; lastKnownFileType = sourcecode.c.h; path = array.h; sourceTree = "<group>"; };
		B213243419BAD42B009D0681 /* hash.h */ = {isa = PBXFileReference; fileEncoding = 4; lastKnownFileType = sourcecode.c.h; path = hash.h; sourceTree = "<group>"; };
		B213243719BAD42B009D0681 /* allocator.h */ = {isa = PBXFileReference; fileEncoding = 4; lastKnownFileType = sourcecode.c.h; path = allocator.h; sourceTree = "<group>"; };
		B213243819BAD42B009D0681 /* bit.h */ = {isa = PBXFileReference; fileEncoding = 4; lastKnownFileType = sourcecode.c.h; path = bit.h; sourceTree = "<group>"; };
		B213243919BAD42B009D0681 /* platform.h */ = {isa = PBXFileReference; fileEncoding = 4; lastKnownFileType = sourcecode.c.h; path = platform.h; sourceTree = "<group>"; };
		B213243A19BAD42B009D0681 /* refcount.h */ = {isa = PBXFileReference; fileEncoding = 4; lastKnownFileType = sourcecode.c.h; path = refcount.h; sourceTree = "<group>"; };
		B213243B19BAD42B009D0681 /* system.cpp */ = {isa = PBXFileReference; fileEncoding = 4; lastKnownFileType = sourcecode.cpp.cpp; path = system.cpp; sourceTree = "<group>"; };
		B213244819C0160F009D0681 /* allocator.cpp */ = {isa = PBXFileReference; fileEncoding = 4; lastKnownFileType = sourcecode.cpp.cpp; path = allocator.cpp; sourceTree = "<group>"; };
		B213244919C0160F009D0681 /* crc32.cpp */ = {isa = PBXFileReference; fileEncoding = 4; lastKnownFileType = sourcecode.cpp.cpp; path = crc32.cpp; sourceTree = "<group>"; };
		B213244A19C0160F009D0681 /* crc32.h */ = {isa = PBXFileReference; fileEncoding = 4; lastKnownFileType = sourcecode.c.h; path = crc32.h; sourceTree = "<group>"; };
		B213244B19C0160F009D0681 /* string.h */ = {isa = PBXFileReference; fileEncoding = 4; lastKnownFileType = sourcecode.c.h; path = string.h; sourceTree = "<group>"; };
		B213244C19C0160F009D0681 /* system.h */ = {isa = PBXFileReference; fileEncoding = 4; lastKnownFileType = sourcecode.c.h; path = system.h; sourceTree = "<group>"; };
		B213244D19C0160F009D0681 /* timer.cpp */ = {isa = PBXFileReference; fileEncoding = 4; lastKnownFileType = sourcecode.cpp.cpp; path = timer.cpp; sourceTree = "<group>"; };
		B213244E19C0160F009D0681 /* timer.h */ = {isa = PBXFileReference; fileEncoding = 4; lastKnownFileType = sourcecode.c.h; path = timer.h; sourceTree = "<group>"; };
		B213244F19C0160F009D0681 /* type.h */ = {isa = PBXFileReference; fileEncoding = 4; lastKnownFileType = sourcecode.c.h; path = type.h; sourceTree = "<group>"; };
		B213245319C0161C009D0681 /* dequeue.h */ = {isa = PBXFileReference; fileEncoding = 4; lastKnownFileType = sourcecode.c.h; path = dequeue.h; sourceTree = "<group>"; };
		B215236519C2FA63003A0E97 /* thread.h */ = {isa = PBXFileReference; lastKnownFileType = sourcecode.c.h; path = thread.h; sourceTree = "<group>"; };
		B215236819C48899003A0E97 /* IOKit.framework */ = {isa = PBXFileReference; lastKnownFileType = wrapper.framework; name = IOKit.framework; path = System/Library/Frameworks/IOKit.framework; sourceTree = SDKROOT; };
		B215A0D519E4FF54005F907C /* vector.h */ = {isa = PBXFileReference; lastKnownFileType = sourcecode.c.h; name = vector.h; path = ../src/math/vector.h; sourceTree = "<group>"; };
		B215A0D619E500BD005F907C /* yu_math.h */ = {isa = PBXFileReference; lastKnownFileType = sourcecode.c.h; name = yu_math.h; path = ../src/math/yu_math.h; sourceTree = "<group>"; };
		B215A0D719E5045F005F907C /* matrix.h */ = {isa = PBXFileReference; lastKnownFileType = sourcecode.c.h; name = matrix.h; path = ../src/math/matrix.h; sourceTree = "<group>"; };
		B215A0D819E50840005F907C /* atomic.h */ = {isa = PBXFileReference; lastKnownFileType = sourcecode.c.h; path = atomic.h; sourceTree = "<group>"; };
		B215A0D919E50971005F907C /* string.cpp */ = {isa = PBXFileReference; fileEncoding = 4; lastKnownFileType = sourcecode.cpp.cpp; path = string.cpp; sourceTree = "<group>"; };
		B215A0DB19E50F34005F907C /* new.h */ = {isa = PBXFileReference; lastKnownFileType = sourcecode.c.h; path = new.h; sourceTree = "<group>"; };
		B215A0DD19E51ACA005F907C /* gl_utility.h */ = {isa = PBXFileReference; lastKnownFileType = sourcecode.c.h; name = gl_utility.h; path = ../src/renderer/gl_utility.h; sourceTree = "<group>"; };
		B215A0DE19E51BA3005F907C /* renderer.cpp */ = {isa = PBXFileReference; fileEncoding = 4; lastKnownFileType = sourcecode.cpp.cpp; name = renderer.cpp; path = ../src/renderer/renderer.cpp; sourceTree = "<group>"; };
		B215A0DF19E51BA3005F907C /* renderer.h */ = {isa = PBXFileReference; fileEncoding = 4; lastKnownFileType = sourcecode.c.h; name = renderer.h; path = ../src/renderer/renderer.h; sourceTree = "<group>"; };
		B215A0E719E67C5E005F907C /* yu_app.mm */ = {isa = PBXFileReference; fileEncoding = 4; lastKnownFileType = sourcecode.cpp.objcpp; name = yu_app.mm; path = ../src/yu_app.mm; sourceTree = "<group>"; };
		B215A0E919E67C9B005F907C /* yu_app.h */ = {isa = PBXFileReference; lastKnownFileType = sourcecode.c.h; name = yu_app.h; path = ../src/yu_app.h; sourceTree = "<group>"; };
		B2C9BBAF19E6D66D0071B3D6 /* gl_mac.mm */ = {isa = PBXFileReference; fileEncoding = 4; lastKnownFileType = sourcecode.cpp.objcpp; name = gl_mac.mm; path = ../src/renderer/gl_mac.mm; sourceTree = "<group>"; };
		B2DDA46719D16A6100324654 /* ApplicationServices.framework */ = {isa = PBXFileReference; lastKnownFileType = wrapper.framework; name = ApplicationServices.framework; path = System/Library/Frameworks/ApplicationServices.framework; sourceTree = SDKROOT; };
		B2DDA46919D171A200324654 /* system_mac.mm */ = {isa = PBXFileReference; fileEncoding = 4; lastKnownFileType = sourcecode.cpp.objcpp; path = system_mac.mm; sourceTree = "<group>"; };
		B2DDA46C19D177D200324654 /* yu.cpp */ = {isa = PBXFileReference; fileEncoding = 4; lastKnownFileType = sourcecode.cpp.cpp; name = yu.cpp; path = ../src/yu.cpp; sourceTree = "<group>"; };
		B2DDA46D19D177D200324654 /* yu.h */ = {isa = PBXFileReference; fileEncoding = 4; lastKnownFileType = sourcecode.c.h; name = yu.h; path = ../src/yu.h; sourceTree = "<group>"; };
/* End PBXFileReference section */

/* Begin PBXFrameworksBuildPhase section */
		B21323F719BAD289009D0681 /* Frameworks */ = {
			isa = PBXFrameworksBuildPhase;
			buildActionMask = 2147483647;
			files = (
				B2DDA46819D16A6100324654 /* ApplicationServices.framework in Frameworks */,
				B215236919C48899003A0E97 /* IOKit.framework in Frameworks */,
				B21323FE19BAD289009D0681 /* Cocoa.framework in Frameworks */,
			);
			runOnlyForDeploymentPostprocessing = 0;
		};
		B213241819BAD289009D0681 /* Frameworks */ = {
			isa = PBXFrameworksBuildPhase;
			buildActionMask = 2147483647;
			files = (
				B213241E19BAD289009D0681 /* Cocoa.framework in Frameworks */,
				B213241D19BAD289009D0681 /* XCTest.framework in Frameworks */,
			);
			runOnlyForDeploymentPostprocessing = 0;
		};
/* End PBXFrameworksBuildPhase section */

/* Begin PBXGroup section */
		B21323F119BAD289009D0681 = {
			isa = PBXGroup;
			children = (
				B213243119BAD40D009D0681 /* src */,
				B213240319BAD289009D0681 /* yu_mac */,
				B213242119BAD289009D0681 /* yu_macTests */,
				B21323FC19BAD289009D0681 /* Frameworks */,
				B21323FB19BAD289009D0681 /* Products */,
			);
			sourceTree = "<group>";
		};
		B21323FB19BAD289009D0681 /* Products */ = {
			isa = PBXGroup;
			children = (
				B21323FA19BAD289009D0681 /* yu_mac.app */,
				B213241B19BAD289009D0681 /* yu_macTests.xctest */,
			);
			name = Products;
			sourceTree = "<group>";
		};
		B21323FC19BAD289009D0681 /* Frameworks */ = {
			isa = PBXGroup;
			children = (
				B2DDA46719D16A6100324654 /* ApplicationServices.framework */,
				B215236819C48899003A0E97 /* IOKit.framework */,
				B21323FD19BAD289009D0681 /* Cocoa.framework */,
				B213241C19BAD289009D0681 /* XCTest.framework */,
				B21323FF19BAD289009D0681 /* Other Frameworks */,
			);
			name = Frameworks;
			sourceTree = "<group>";
		};
		B21323FF19BAD289009D0681 /* Other Frameworks */ = {
			isa = PBXGroup;
			children = (
				B213240019BAD289009D0681 /* AppKit.framework */,
				B213240119BAD289009D0681 /* CoreData.framework */,
				B213240219BAD289009D0681 /* Foundation.framework */,
			);
			name = "Other Frameworks";
			sourceTree = "<group>";
		};
		B213240319BAD289009D0681 /* yu_mac */ = {
			isa = PBXGroup;
			children = (
				B213240F19BAD289009D0681 /* AppDelegate.h */,
				B213241019BAD289009D0681 /* AppDelegate.m */,
				B213241219BAD289009D0681 /* MainMenu.xib */,
				B213241519BAD289009D0681 /* Images.xcassets */,
				B213240419BAD289009D0681 /* Supporting Files */,
			);
			path = yu_mac;
			sourceTree = "<group>";
		};
		B213240419BAD289009D0681 /* Supporting Files */ = {
			isa = PBXGroup;
			children = (
				B213240519BAD289009D0681 /* yu_mac-Info.plist */,
				B213240619BAD289009D0681 /* InfoPlist.strings */,
				B213240919BAD289009D0681 /* main.mm */,
				B213240B19BAD289009D0681 /* yu_mac-Prefix.pch */,
				B213240C19BAD289009D0681 /* Credits.rtf */,
			);
			name = "Supporting Files";
			sourceTree = "<group>";
		};
		B213242119BAD289009D0681 /* yu_macTests */ = {
			isa = PBXGroup;
			children = (
				B213242719BAD289009D0681 /* yu_macTests.m */,
				B213242219BAD289009D0681 /* Supporting Files */,
			);
			path = yu_macTests;
			sourceTree = "<group>";
		};
		B213242219BAD289009D0681 /* Supporting Files */ = {
			isa = PBXGroup;
			children = (
				B213242319BAD289009D0681 /* yu_macTests-Info.plist */,
				B213242419BAD289009D0681 /* InfoPlist.strings */,
			);
			name = "Supporting Files";
			sourceTree = "<group>";
		};
		B213243119BAD40D009D0681 /* src */ = {
			isa = PBXGroup;
			children = (
				B2DDA46C19D177D200324654 /* yu.cpp */,
				B2DDA46D19D177D200324654 /* yu.h */,
				B215A0E919E67C9B005F907C /* yu_app.h */,
				B215A0E719E67C5E005F907C /* yu_app.mm */,
				B215A0DC19E51A70005F907C /* renderer */,
				B215A0D419E4FF06005F907C /* math */,
				B213243219BAD42B009D0681 /* container */,
				B213243619BAD42B009D0681 /* core */,
			);
			name = src;
			sourceTree = "<group>";
		};
		B213243219BAD42B009D0681 /* container */ = {
			isa = PBXGroup;
			children = (
				B213245319C0161C009D0681 /* dequeue.h */,
				B213243319BAD42B009D0681 /* array.h */,
				B213243419BAD42B009D0681 /* hash.h */,
			);
			name = container;
			path = ../src/container;
			sourceTree = "<group>";
		};
		B213243619BAD42B009D0681 /* core */ = {
			isa = PBXGroup;
			children = (
				B213243719BAD42B009D0681 /* allocator.h */,
				B213244819C0160F009D0681 /* allocator.cpp */,
				B213244919C0160F009D0681 /* crc32.cpp */,
				B213244A19C0160F009D0681 /* crc32.h */,
				B213244B19C0160F009D0681 /* string.h */,
				B215A0D919E50971005F907C /* string.cpp */,
				B213244C19C0160F009D0681 /* system.h */,
				B213243B19BAD42B009D0681 /* system.cpp */,
				B213244E19C0160F009D0681 /* timer.h */,
				B213244D19C0160F009D0681 /* timer.cpp */,
				B213244F19C0160F009D0681 /* type.h */,
				B213243819BAD42B009D0681 /* bit.h */,
				B213243919BAD42B009D0681 /* platform.h */,
				B213243A19BAD42B009D0681 /* refcount.h */,
				B215236519C2FA63003A0E97 /* thread.h */,
				B2DDA46919D171A200324654 /* system_mac.mm */,
				B215A0D819E50840005F907C /* atomic.h */,
				B215A0DB19E50F34005F907C /* new.h */,
			);
			name = core;
			path = ../src/core;
			sourceTree = "<group>";
		};
		B215A0D419E4FF06005F907C /* math */ = {
			isa = PBXGroup;
			children = (
				B215A0D519E4FF54005F907C /* vector.h */,
				B215A0D619E500BD005F907C /* yu_math.h */,
				B215A0D719E5045F005F907C /* matrix.h */,
			);
			name = math;
			sourceTree = "<group>";
		};
		B215A0DC19E51A70005F907C /* renderer */ = {
			isa = PBXGroup;
			children = (
				B215A0DD19E51ACA005F907C /* gl_utility.h */,
				B215A0DE19E51BA3005F907C /* renderer.cpp */,
				B215A0DF19E51BA3005F907C /* renderer.h */,
				B2C9BBAF19E6D66D0071B3D6 /* gl_mac.mm */,
			);
			name = renderer;
			sourceTree = "<group>";
		};
/* End PBXGroup section */

/* Begin PBXNativeTarget section */
		B21323F919BAD289009D0681 /* yu_mac */ = {
			isa = PBXNativeTarget;
			buildConfigurationList = B213242B19BAD289009D0681 /* Build configuration list for PBXNativeTarget "yu_mac" */;
			buildPhases = (
				B21323F619BAD289009D0681 /* Sources */,
				B21323F719BAD289009D0681 /* Frameworks */,
				B21323F819BAD289009D0681 /* Resources */,
			);
			buildRules = (
			);
			dependencies = (
			);
			name = yu_mac;
			productName = yu_mac;
			productReference = B21323FA19BAD289009D0681 /* yu_mac.app */;
			productType = "com.apple.product-type.application";
		};
		B213241A19BAD289009D0681 /* yu_macTests */ = {
			isa = PBXNativeTarget;
			buildConfigurationList = B213242E19BAD289009D0681 /* Build configuration list for PBXNativeTarget "yu_macTests" */;
			buildPhases = (
				B213241719BAD289009D0681 /* Sources */,
				B213241819BAD289009D0681 /* Frameworks */,
				B213241919BAD289009D0681 /* Resources */,
			);
			buildRules = (
			);
			dependencies = (
				B213242019BAD289009D0681 /* PBXTargetDependency */,
			);
			name = yu_macTests;
			productName = yu_macTests;
			productReference = B213241B19BAD289009D0681 /* yu_macTests.xctest */;
			productType = "com.apple.product-type.bundle.unit-test";
		};
/* End PBXNativeTarget section */

/* Begin PBXProject section */
		B21323F219BAD289009D0681 /* Project object */ = {
			isa = PBXProject;
			attributes = {
				LastUpgradeCheck = 0510;
				ORGANIZATIONNAME = ianslayer;
				TargetAttributes = {
					B213241A19BAD289009D0681 = {
						TestTargetID = B21323F919BAD289009D0681;
					};
				};
			};
			buildConfigurationList = B21323F519BAD289009D0681 /* Build configuration list for PBXProject "yu_mac" */;
			compatibilityVersion = "Xcode 3.2";
			developmentRegion = English;
			hasScannedForEncodings = 0;
			knownRegions = (
				en,
				Base,
			);
			mainGroup = B21323F119BAD289009D0681;
			productRefGroup = B21323FB19BAD289009D0681 /* Products */;
			projectDirPath = "";
			projectRoot = "";
			targets = (
				B21323F919BAD289009D0681 /* yu_mac */,
				B213241A19BAD289009D0681 /* yu_macTests */,
			);
		};
/* End PBXProject section */

/* Begin PBXResourcesBuildPhase section */
		B21323F819BAD289009D0681 /* Resources */ = {
			isa = PBXResourcesBuildPhase;
			buildActionMask = 2147483647;
			files = (
				B213240819BAD289009D0681 /* InfoPlist.strings in Resources */,
				B213241619BAD289009D0681 /* Images.xcassets in Resources */,
				B213240E19BAD289009D0681 /* Credits.rtf in Resources */,
				B213241419BAD289009D0681 /* MainMenu.xib in Resources */,
			);
			runOnlyForDeploymentPostprocessing = 0;
		};
		B213241919BAD289009D0681 /* Resources */ = {
			isa = PBXResourcesBuildPhase;
			buildActionMask = 2147483647;
			files = (
				B213242619BAD289009D0681 /* InfoPlist.strings in Resources */,
			);
			runOnlyForDeploymentPostprocessing = 0;
		};
/* End PBXResourcesBuildPhase section */

/* Begin PBXSourcesBuildPhase section */
		B21323F619BAD289009D0681 /* Sources */ = {
			isa = PBXSourcesBuildPhase;
			buildActionMask = 2147483647;
			files = (
				B215A0DA19E50971005F907C /* string.cpp in Sources */,
				B213241119BAD289009D0681 /* AppDelegate.m in Sources */,
				B2C9BBB019E6D66D0071B3D6 /* gl_mac.mm in Sources */,
				B215A0E019E51BA3005F907C /* renderer.cpp in Sources */,
				B213240A19BAD289009D0681 /* main.mm in Sources */,
				B213243C19BAD42B009D0681 /* system.cpp in Sources */,
				B2DDA46A19D171A200324654 /* system_mac.mm in Sources */,
				B215A0E819E67C5E005F907C /* yu_app.mm in Sources */,
				B213245119C01610009D0681 /* crc32.cpp in Sources */,
				B2DDA46E19D177D200324654 /* yu.cpp in Sources */,
				B213245019C0160F009D0681 /* allocator.cpp in Sources */,
				B213245219C01610009D0681 /* timer.cpp in Sources */,
			);
			runOnlyForDeploymentPostprocessing = 0;
		};
		B213241719BAD289009D0681 /* Sources */ = {
			isa = PBXSourcesBuildPhase;
			buildActionMask = 2147483647;
			files = (
				B213242819BAD289009D0681 /* yu_macTests.m in Sources */,
			);
			runOnlyForDeploymentPostprocessing = 0;
		};
/* End PBXSourcesBuildPhase section */

/* Begin PBXTargetDependency section */
		B213242019BAD289009D0681 /* PBXTargetDependency */ = {
			isa = PBXTargetDependency;
			target = B21323F919BAD289009D0681 /* yu_mac */;
			targetProxy = B213241F19BAD289009D0681 /* PBXContainerItemProxy */;
		};
/* End PBXTargetDependency section */

/* Begin PBXVariantGroup section */
		B213240619BAD289009D0681 /* InfoPlist.strings */ = {
			isa = PBXVariantGroup;
			children = (
				B213240719BAD289009D0681 /* en */,
			);
			name = InfoPlist.strings;
			sourceTree = "<group>";
		};
		B213240C19BAD289009D0681 /* Credits.rtf */ = {
			isa = PBXVariantGroup;
			children = (
				B213240D19BAD289009D0681 /* en */,
			);
			name = Credits.rtf;
			sourceTree = "<group>";
		};
		B213241219BAD289009D0681 /* MainMenu.xib */ = {
			isa = PBXVariantGroup;
			children = (
				B213241319BAD289009D0681 /* Base */,
			);
			name = MainMenu.xib;
			sourceTree = "<group>";
		};
		B213242419BAD289009D0681 /* InfoPlist.strings */ = {
			isa = PBXVariantGroup;
			children = (
				B213242519BAD289009D0681 /* en */,
			);
			name = InfoPlist.strings;
			sourceTree = "<group>";
		};
/* End PBXVariantGroup section */

/* Begin XCBuildConfiguration section */
		B213242919BAD289009D0681 /* Debug */ = {
			isa = XCBuildConfiguration;
			buildSettings = {
				ALWAYS_SEARCH_USER_PATHS = NO;
				CLANG_CXX_LANGUAGE_STANDARD = "gnu++0x";
				CLANG_CXX_LIBRARY = "libc++";
				CLANG_ENABLE_MODULES = YES;
				CLANG_ENABLE_OBJC_ARC = YES;
				CLANG_WARN_BOOL_CONVERSION = YES;
				CLANG_WARN_CONSTANT_CONVERSION = YES;
				CLANG_WARN_DIRECT_OBJC_ISA_USAGE = YES_ERROR;
				CLANG_WARN_EMPTY_BODY = YES;
				CLANG_WARN_ENUM_CONVERSION = YES;
				CLANG_WARN_INT_CONVERSION = YES;
				CLANG_WARN_OBJC_ROOT_CLASS = YES_ERROR;
				CLANG_WARN__DUPLICATE_METHOD_MATCH = YES;
				COPY_PHASE_STRIP = NO;
				GCC_C_LANGUAGE_STANDARD = gnu99;
				GCC_DYNAMIC_NO_PIC = NO;
				GCC_ENABLE_OBJC_EXCEPTIONS = YES;
				GCC_OPTIMIZATION_LEVEL = 0;
				GCC_PREPROCESSOR_DEFINITIONS = (
					"DEBUG=1",
					"$(inherited)",
				);
				GCC_SYMBOLS_PRIVATE_EXTERN = NO;
				GCC_WARN_64_TO_32_BIT_CONVERSION = YES;
				GCC_WARN_ABOUT_RETURN_TYPE = YES_ERROR;
				GCC_WARN_UNDECLARED_SELECTOR = YES;
				GCC_WARN_UNINITIALIZED_AUTOS = YES_AGGRESSIVE;
				GCC_WARN_UNUSED_FUNCTION = YES;
				GCC_WARN_UNUSED_VARIABLE = YES;
				MACOSX_DEPLOYMENT_TARGET = 10.9;
				ONLY_ACTIVE_ARCH = YES;
				SDKROOT = macosx;
			};
			name = Debug;
		};
		B213242A19BAD289009D0681 /* Release */ = {
			isa = XCBuildConfiguration;
			buildSettings = {
				ALWAYS_SEARCH_USER_PATHS = NO;
				CLANG_CXX_LANGUAGE_STANDARD = "gnu++0x";
				CLANG_CXX_LIBRARY = "libc++";
				CLANG_ENABLE_MODULES = YES;
				CLANG_ENABLE_OBJC_ARC = YES;
				CLANG_WARN_BOOL_CONVERSION = YES;
				CLANG_WARN_CONSTANT_CONVERSION = YES;
				CLANG_WARN_DIRECT_OBJC_ISA_USAGE = YES_ERROR;
				CLANG_WARN_EMPTY_BODY = YES;
				CLANG_WARN_ENUM_CONVERSION = YES;
				CLANG_WARN_INT_CONVERSION = YES;
				CLANG_WARN_OBJC_ROOT_CLASS = YES_ERROR;
				CLANG_WARN__DUPLICATE_METHOD_MATCH = YES;
				COPY_PHASE_STRIP = YES;
				DEBUG_INFORMATION_FORMAT = "dwarf-with-dsym";
				ENABLE_NS_ASSERTIONS = NO;
				GCC_C_LANGUAGE_STANDARD = gnu99;
				GCC_ENABLE_OBJC_EXCEPTIONS = YES;
				GCC_WARN_64_TO_32_BIT_CONVERSION = YES;
				GCC_WARN_ABOUT_RETURN_TYPE = YES_ERROR;
				GCC_WARN_UNDECLARED_SELECTOR = YES;
				GCC_WARN_UNINITIALIZED_AUTOS = YES_AGGRESSIVE;
				GCC_WARN_UNUSED_FUNCTION = YES;
				GCC_WARN_UNUSED_VARIABLE = YES;
				MACOSX_DEPLOYMENT_TARGET = 10.9;
				SDKROOT = macosx;
			};
			name = Release;
		};
		B213242C19BAD289009D0681 /* Debug */ = {
			isa = XCBuildConfiguration;
			buildSettings = {
				ASSETCATALOG_COMPILER_APPICON_NAME = AppIcon;
				CLANG_ENABLE_OBJC_ARC = NO;
				CLANG_WARN_ASSIGN_ENUM = YES;
				CLANG_WARN_IMPLICIT_SIGN_CONVERSION = YES;
				CLANG_WARN_OBJC_EXPLICIT_OWNERSHIP_TYPE = YES;
				CLANG_WARN_OBJC_IMPLICIT_RETAIN_SELF = YES;
				CLANG_WARN_OBJC_RECEIVER_WEAK = YES;
				CLANG_WARN_OBJC_REPEATED_USE_OF_WEAK = YES;
				CLANG_WARN_SUSPICIOUS_IMPLICIT_CONVERSION = YES;
				CLANG_WARN_UNREACHABLE_CODE = YES;
				COMBINE_HIDPI_IMAGES = YES;
				GCC_ENABLE_CPP_EXCEPTIONS = NO;
				GCC_ENABLE_CPP_RTTI = NO;
				GCC_PRECOMPILE_PREFIX_HEADER = YES;
				GCC_PREFIX_HEADER = "yu_mac/yu_mac-Prefix.pch";
				GCC_WARN_INHIBIT_ALL_WARNINGS = NO;
				GCC_WARN_INITIALIZER_NOT_FULLY_BRACKETED = YES;
				GCC_WARN_PEDANTIC = NO;
				GCC_WARN_SHADOW = YES;
				GCC_WARN_UNUSED_LABEL = NO;
				GCC_WARN_UNUSED_PARAMETER = NO;
				HEADER_SEARCH_PATHS = (
					"$(inherited)",
					/Applications/Xcode.app/Contents/Developer/Toolchains/XcodeDefault.xctoolchain/usr/include,
				);
				INFOPLIST_FILE = "yu_mac/yu_mac-Info.plist";
				PRODUCT_NAME = "$(TARGET_NAME)";
				WRAPPER_EXTENSION = app;
			};
			name = Debug;
		};
		B213242D19BAD289009D0681 /* Release */ = {
			isa = XCBuildConfiguration;
			buildSettings = {
				ASSETCATALOG_COMPILER_APPICON_NAME = AppIcon;
				CLANG_ENABLE_OBJC_ARC = NO;
				CLANG_WARN_ASSIGN_ENUM = YES;
				CLANG_WARN_IMPLICIT_SIGN_CONVERSION = YES;
				CLANG_WARN_OBJC_EXPLICIT_OWNERSHIP_TYPE = YES;
				CLANG_WARN_OBJC_IMPLICIT_RETAIN_SELF = YES;
				CLANG_WARN_OBJC_RECEIVER_WEAK = YES;
				CLANG_WARN_OBJC_REPEATED_USE_OF_WEAK = YES;
				CLANG_WARN_SUSPICIOUS_IMPLICIT_CONVERSION = YES;
				CLANG_WARN_UNREACHABLE_CODE = YES;
				COMBINE_HIDPI_IMAGES = YES;
				GCC_ENABLE_CPP_EXCEPTIONS = NO;
				GCC_ENABLE_CPP_RTTI = NO;
				GCC_PRECOMPILE_PREFIX_HEADER = YES;
				GCC_PREFIX_HEADER = "yu_mac/yu_mac-Prefix.pch";
				GCC_WARN_INHIBIT_ALL_WARNINGS = NO;
				GCC_WARN_INITIALIZER_NOT_FULLY_BRACKETED = YES;
				GCC_WARN_PEDANTIC = NO;
				GCC_WARN_SHADOW = YES;
				GCC_WARN_UNUSED_LABEL = NO;
				GCC_WARN_UNUSED_PARAMETER = NO;
				HEADER_SEARCH_PATHS = (
					"$(inherited)",
					/Applications/Xcode.app/Contents/Developer/Toolchains/XcodeDefault.xctoolchain/usr/include,
				);
				INFOPLIST_FILE = "yu_mac/yu_mac-Info.plist";
				PRODUCT_NAME = "$(TARGET_NAME)";
				WRAPPER_EXTENSION = app;
			};
			name = Release;
		};
		B213242F19BAD289009D0681 /* Debug */ = {
			isa = XCBuildConfiguration;
			buildSettings = {
				BUNDLE_LOADER = "$(BUILT_PRODUCTS_DIR)/yu_mac.app/Contents/MacOS/yu_mac";
				COMBINE_HIDPI_IMAGES = YES;
				FRAMEWORK_SEARCH_PATHS = (
					"$(DEVELOPER_FRAMEWORKS_DIR)",
					"$(inherited)",
				);
				GCC_PRECOMPILE_PREFIX_HEADER = YES;
				GCC_PREFIX_HEADER = "yu_mac/yu_mac-Prefix.pch";
				GCC_PREPROCESSOR_DEFINITIONS = (
					"DEBUG=1",
					"$(inherited)",
				);
				INFOPLIST_FILE = "yu_macTests/yu_macTests-Info.plist";
				PRODUCT_NAME = "$(TARGET_NAME)";
				TEST_HOST = "$(BUNDLE_LOADER)";
				WRAPPER_EXTENSION = xctest;
			};
			name = Debug;
		};
		B213243019BAD289009D0681 /* Release */ = {
			isa = XCBuildConfiguration;
			buildSettings = {
				BUNDLE_LOADER = "$(BUILT_PRODUCTS_DIR)/yu_mac.app/Contents/MacOS/yu_mac";
				COMBINE_HIDPI_IMAGES = YES;
				FRAMEWORK_SEARCH_PATHS = (
					"$(DEVELOPER_FRAMEWORKS_DIR)",
					"$(inherited)",
				);
				GCC_PRECOMPILE_PREFIX_HEADER = YES;
				GCC_PREFIX_HEADER = "yu_mac/yu_mac-Prefix.pch";
				INFOPLIST_FILE = "yu_macTests/yu_macTests-Info.plist";
				PRODUCT_NAME = "$(TARGET_NAME)";
				TEST_HOST = "$(BUNDLE_LOADER)";
				WRAPPER_EXTENSION = xctest;
			};
			name = Release;
		};
/* End XCBuildConfiguration section */

/* Begin XCConfigurationList section */
		B21323F519BAD289009D0681 /* Build configuration list for PBXProject "yu_mac" */ = {
			isa = XCConfigurationList;
			buildConfigurations = (
				B213242919BAD289009D0681 /* Debug */,
				B213242A19BAD289009D0681 /* Release */,
			);
			defaultConfigurationIsVisible = 0;
			defaultConfigurationName = Release;
		};
		B213242B19BAD289009D0681 /* Build configuration list for PBXNativeTarget "yu_mac" */ = {
			isa = XCConfigurationList;
			buildConfigurations = (
				B213242C19BAD289009D0681 /* Debug */,
				B213242D19BAD289009D0681 /* Release */,
			);
			defaultConfigurationIsVisible = 0;
			defaultConfigurationName = Release;
		};
		B213242E19BAD289009D0681 /* Build configuration list for PBXNativeTarget "yu_macTests" */ = {
			isa = XCConfigurationList;
			buildConfigurations = (
				B213242F19BAD289009D0681 /* Debug */,
				B213243019BAD289009D0681 /* Release */,
			);
			defaultConfigurationIsVisible = 0;
			defaultConfigurationName = Release;
		};
/* End XCConfigurationList section */
	};
	rootObject = B21323F219BAD289009D0681 /* Project object */;
}
